{
  "requires": true,
  "lockfileVersion": 1,
  "dependencies": {
    "react-browser-router": {
      "version": "2.1.2",
      "resolved": "https://registry.npmjs.org/react-browser-router/-/react-browser-router-2.1.2.tgz",
      "integrity": "sha512-6Axukud54NdHMgQEkVDKLPG6bawcu34YVjHdvlCCSehYH1NRGiiDHnhD13J+zkGyAvY/TWEkLGGBUflwu1XkgQ=="
    }
  }
}
